
Microsoft Visual Studio Solution File, Format Version 12.00
# Visual Studio Version 16
VisualStudioVersion = 16.0.29613.14
MinimumVisualStudioVersion = 10.0.40219.1
Project("{8BC9CEB8-8B4A-11D0-8D11-00A0C91BC942}") = "gameengine", "gameengine\gameengine.vcxproj", "{4F4B007F-EE21-46CF-B8DE-2447B8B8015A}"
EndProject
Project("{8BC9CEB8-8B4A-11D0-8D11-00A0C91BC942}") = "gameengine-GTest", "gameengine-GTest\gameengine-GTest.vcxproj", "{1D671D2A-1098-4AAF-9E7C-778C660E37B2}"
EndProject
Project("{8BC9CEB8-8B4A-11D0-8D11-00A0C91BC942}") = "demo-cube", "demo-cube\demo-cube.vcxproj", "{1D0D906D-6A21-4AE3-A07C-41CE44B49082}"
EndProject
Project("{2150E333-8FDC-42A3-9474-1A3956D46DE8}") = "Solution Items", "Solution Items", "{769039FF-934C-4034-AD31-63FD5F1CCA49}"
	ProjectSection(SolutionItems) = preProject
		.gitattributes = .gitattributes
		.gitignore = .gitignore
		README.md = README.md
		SOURCES.md = SOURCES.md
		vcpkg_install.txt = vcpkg_install.txt
	EndProjectSection
EndProject
Project("{2150E333-8FDC-42A3-9474-1A3956D46DE8}") = "packaged-releases", "packaged-releases", "{7C5BCB80-93B0-42B7-80AF-B3B16C28B23A}"
	ProjectSection(SolutionItems) = preProject
		packaged-releases\apitrace-x64.ps1 = packaged-releases\apitrace-x64.ps1
		packaged-releases\apitrace-x86.ps1 = packaged-releases\apitrace-x86.ps1
		packaged-releases\package-releases.py = packaged-releases\package-releases.py
		packaged-releases\packages.json = packaged-releases\packages.json
	EndProjectSection
EndProject
Project("{2150E333-8FDC-42A3-9474-1A3956D46DE8}") = ".github", ".github", "{B4177548-9D46-4B5A-BFB3-3422E96328B1}"
EndProject
Project("{2150E333-8FDC-42A3-9474-1A3956D46DE8}") = "workflows", "workflows", "{02CF9FCD-26A8-45F6-BA14-9D051DDC3C5C}"
	ProjectSection(SolutionItems) = preProject
		.github\workflows\gtest.yml = .github\workflows\gtest.yml
	EndProjectSection
EndProject
Project("{2150E333-8FDC-42A3-9474-1A3956D46DE8}") = "scenes", "scenes", "{739A180D-9822-48F0-A479-F9D2A27B98D6}"
	ProjectSection(SolutionItems) = preProject
		scenes\simplescene.json = scenes\simplescene.json
	EndProjectSection
EndProject
Project("{2150E333-8FDC-42A3-9474-1A3956D46DE8}") = "textures", "textures", "{3E08C3E8-5CA4-47AE-A8A7-A03EC3EDB4A6}"
	ProjectSection(SolutionItems) = preProject
		scenes\textures\bricks2.jpg = scenes\textures\bricks2.jpg
		scenes\textures\bricks2_disp.jpg = scenes\textures\bricks2_disp.jpg
		scenes\textures\bricks2_normal.jpg = scenes\textures\bricks2_normal.jpg
		scenes\textures\cube_normals.png = scenes\textures\cube_normals.png
		scenes\textures\sky.jpg = scenes\textures\sky.jpg
		scenes\textures\SuzanneSpecularMap.png = scenes\textures\SuzanneSpecularMap.png
		scenes\textures\TwoTone.png = scenes\textures\TwoTone.png
		scenes\textures\unnamed.jpg = scenes\textures\unnamed.jpg
	EndProjectSection
EndProject
Project("{2150E333-8FDC-42A3-9474-1A3956D46DE8}") = "models", "models", "{B3E2EC33-CDE0-40CF-ABD6-B890DF8C4B2E}"
	ProjectSection(SolutionItems) = preProject
		scenes\models\cube.ply = scenes\models\cube.ply
		scenes\models\doom_E1M1.obj = scenes\models\doom_E1M1.obj
		scenes\models\flat plane.ply = scenes\models\flat plane.ply
		scenes\models\joining section.ply = scenes\models\joining section.ply
		scenes\models\level.ply = scenes\models\level.ply
		scenes\models\opened cube.ply = scenes\models\opened cube.ply
		scenes\models\suzanne.ply = scenes\models\suzanne.ply
		scenes\models\teapotCGA.bpt = scenes\models\teapotCGA.bpt
	EndProjectSection
EndProject
Project("{2150E333-8FDC-42A3-9474-1A3956D46DE8}") = "perfprofiles", "perfprofiles", "{1EE5B919-EB72-4DB9-A431-638EB4EB1347}"
	ProjectSection(SolutionItems) = preProject
		scenes\perfprofiles\high.json = scenes\perfprofiles\high.json
		scenes\perfprofiles\low.json = scenes\perfprofiles\low.json
	EndProjectSection
EndProject
Global
	GlobalSection(SolutionConfigurationPlatforms) = preSolution
		Debug|x64 = Debug|x64
		Debug|x86 = Debug|x86
		Release|x64 = Release|x64
		Release|x86 = Release|x86
	EndGlobalSection
	GlobalSection(ProjectConfigurationPlatforms) = postSolution
		{4F4B007F-EE21-46CF-B8DE-2447B8B8015A}.Debug|x64.ActiveCfg = Debug|x64
		{4F4B007F-EE21-46CF-B8DE-2447B8B8015A}.Debug|x64.Build.0 = Debug|x64
		{4F4B007F-EE21-46CF-B8DE-2447B8B8015A}.Debug|x86.ActiveCfg = Debug|Win32
		{4F4B007F-EE21-46CF-B8DE-2447B8B8015A}.Debug|x86.Build.0 = Debug|Win32
		{4F4B007F-EE21-46CF-B8DE-2447B8B8015A}.Release|x64.ActiveCfg = Release|x64
		{4F4B007F-EE21-46CF-B8DE-2447B8B8015A}.Release|x64.Build.0 = Release|x64
		{4F4B007F-EE21-46CF-B8DE-2447B8B8015A}.Release|x86.ActiveCfg = Release|Win32
		{4F4B007F-EE21-46CF-B8DE-2447B8B8015A}.Release|x86.Build.0 = Release|Win32
		{1D671D2A-1098-4AAF-9E7C-778C660E37B2}.Debug|x64.ActiveCfg = Debug|x64
		{1D671D2A-1098-4AAF-9E7C-778C660E37B2}.Debug|x64.Build.0 = Debug|x64
		{1D671D2A-1098-4AAF-9E7C-778C660E37B2}.Debug|x86.ActiveCfg = Debug|Win32
		{1D671D2A-1098-4AAF-9E7C-778C660E37B2}.Debug|x86.Build.0 = Debug|Win32
		{1D671D2A-1098-4AAF-9E7C-778C660E37B2}.Release|x64.ActiveCfg = Release|x64
		{1D671D2A-1098-4AAF-9E7C-778C660E37B2}.Release|x86.ActiveCfg = Release|Win32
		{1D0D906D-6A21-4AE3-A07C-41CE44B49082}.Debug|x64.ActiveCfg = Debug|x64
		{1D0D906D-6A21-4AE3-A07C-41CE44B49082}.Debug|x64.Build.0 = Debug|x64
		{1D0D906D-6A21-4AE3-A07C-41CE44B49082}.Debug|x86.ActiveCfg = Debug|Win32
		{1D0D906D-6A21-4AE3-A07C-41CE44B49082}.Debug|x86.Build.0 = Debug|Win32
		{1D0D906D-6A21-4AE3-A07C-41CE44B49082}.Release|x64.ActiveCfg = Release|x64
		{1D0D906D-6A21-4AE3-A07C-41CE44B49082}.Release|x64.Build.0 = Release|x64
		{1D0D906D-6A21-4AE3-A07C-41CE44B49082}.Release|x86.ActiveCfg = Release|Win32
		{1D0D906D-6A21-4AE3-A07C-41CE44B49082}.Release|x86.Build.0 = Release|Win32
	EndGlobalSection
	GlobalSection(SolutionProperties) = preSolution
		HideSolutionNode = FALSE
	EndGlobalSection
	GlobalSection(NestedProjects) = preSolution
		{7C5BCB80-93B0-42B7-80AF-B3B16C28B23A} = {769039FF-934C-4034-AD31-63FD5F1CCA49}
		{B4177548-9D46-4B5A-BFB3-3422E96328B1} = {769039FF-934C-4034-AD31-63FD5F1CCA49}
		{02CF9FCD-26A8-45F6-BA14-9D051DDC3C5C} = {B4177548-9D46-4B5A-BFB3-3422E96328B1}
		{739A180D-9822-48F0-A479-F9D2A27B98D6} = {769039FF-934C-4034-AD31-63FD5F1CCA49}
		{3E08C3E8-5CA4-47AE-A8A7-A03EC3EDB4A6} = {739A180D-9822-48F0-A479-F9D2A27B98D6}
		{B3E2EC33-CDE0-40CF-ABD6-B890DF8C4B2E} = {739A180D-9822-48F0-A479-F9D2A27B98D6}
		{1EE5B919-EB72-4DB9-A431-638EB4EB1347} = {739A180D-9822-48F0-A479-F9D2A27B98D6}
	EndGlobalSection
	GlobalSection(ExtensibilityGlobals) = postSolution
		SolutionGuid = {63979F0E-A6D0-403D-AFA4-4FD1400E4095}
	EndGlobalSection
EndGlobal
