<?xml version="1.0" encoding="utf-8"?>
<Project ToolsVersion="4.0" xmlns="http://schemas.microsoft.com/developer/msbuild/2003">
  <ItemGroup>
    <Filter Include="Source Files">
      <UniqueIdentifier>{4FC737F1-C7A5-4376-A066-2A32D752A2FF}</UniqueIdentifier>
      <Extensions>cpp;c;cc;cxx;def;odl;idl;hpj;bat;asm;asmx</Extensions>
    </Filter>
    <Filter Include="Header Files">
      <UniqueIdentifier>{93995380-89BD-4b04-88EB-625FBE52EBFB}</UniqueIdentifier>
      <Extensions>h;hh;hpp;hxx;hm;inl;inc;ipp;xsd</Extensions>
    </Filter>
    <Filter Include="Resource Files">
      <UniqueIdentifier>{67DA6AB6-F800-4c08-8B7A-83BB121AAD01}</UniqueIdentifier>
      <Extensions>rc;ico;cur;bmp;dlg;rc2;rct;bin;rgs;gif;jpg;jpeg;jpe;resx;tiff;tif;png;wav;mfcribbon-ms</Extensions>
    </Filter>
    <Filter Include="Resource Files\scripts">
      <UniqueIdentifier>{e4153eb6-a62c-4dbc-ac71-567d5840d1e1}</UniqueIdentifier>
    </Filter>
    <Filter Include="JSON Schemas">
      <UniqueIdentifier>{b560ec34-f52b-448b-b850-10d4b4b5e501}</UniqueIdentifier>
    </Filter>
    <Filter Include="App Root">
      <UniqueIdentifier>{d249f026-6b17-462d-93e3-729bbf677f2e}</UniqueIdentifier>
    </Filter>
  </ItemGroup>
  <ItemGroup>
    <None Include="scripts\post_build.py">
      <Filter>Resource Files\scripts</Filter>
    </None>
    <None Include="scripts\post_build_debug.py">
      <Filter>Resource Files\scripts</Filter>
    </None>
    <None Include="scripts\post_build_release.py">
      <Filter>Resource Files\scripts</Filter>
    </None>
    <None Include="json-schemas\settings-schema.json">
      <Filter>JSON Schemas</Filter>
    </None>
    <None Include="app-root\settings.default.json">
      <Filter>App Root</Filter>
    </None>
    <None Include="app-root\settings.json">
      <Filter>App Root</Filter>
    </None>
  </ItemGroup>
  <ItemGroup>
    <ClInclude Include="src\App.h">
      <Filter>Header Files</Filter>
    </ClInclude>
    <ClInclude Include="src\Main.h">
      <Filter>Header Files</Filter>
    </ClInclude>
    <ClInclude Include="src\VectorCtrl.h">
      <Filter>Header Files</Filter>
    </ClInclude>
    <ClInclude Include="src\Chat.h">
      <Filter>Header Files</Filter>
    </ClInclude>
  </ItemGroup>
  <ItemGroup>
    <ClCompile Include="src\App.cpp">
      <Filter>Source Files</Filter>
    </ClCompile>
    <ClCompile Include="src\Main.cpp">
      <Filter>Source Files</Filter>
    </ClCompile>
    <ClCompile Include="src\VectorCtrl.cpp">
      <Filter>Source Files</Filter>
    </ClCompile>
    <ClCompile Include="src\Chat.cpp">
      <Filter>Source Files</Filter>
    </ClCompile>
  </ItemGroup>
  <ItemGroup>
    <ResourceCompile Include="resource.rc">
      <Filter>Resource Files</Filter>
    </ResourceCompile>
  </ItemGroup>
  <ItemGroup>
    <Image Include="resources\main.ico">
      <Filter>Resource Files</Filter>
    </Image>
  </ItemGroup>
  <ItemGroup>
    <Text Include="app-root\gameengine_GL.log">
      <Filter>App Root</Filter>
    </Text>
  </ItemGroup>
</Project>