<?xml version="1.0" encoding="utf-8"?>
<Project ToolsVersion="4.0" xmlns="http://schemas.microsoft.com/developer/msbuild/2003">
  <ItemGroup>
    <Filter Include="Source Files">
      <UniqueIdentifier>{4FC737F1-C7A5-4376-A066-2A32D752A2FF}</UniqueIdentifier>
      <Extensions>cpp;c;cc;cxx;def;odl;idl;hpj;bat;asm;asmx</Extensions>
    </Filter>
    <Filter Include="Header Files">
      <UniqueIdentifier>{93995380-89BD-4b04-88EB-625FBE52EBFB}</UniqueIdentifier>
      <Extensions>h;hh;hpp;hxx;hm;inl;inc;ipp;xsd</Extensions>
    </Filter>
    <Filter Include="Resource Files">
      <UniqueIdentifier>{67DA6AB6-F800-4c08-8B7A-83BB121AAD01}</UniqueIdentifier>
      <Extensions>rc;ico;cur;bmp;dlg;rc2;rct;bin;rgs;gif;jpg;jpeg;jpe;resx;tiff;tif;png;wav;mfcribbon-ms</Extensions>
    </Filter>
    <Filter Include="Resource Files\models">
      <UniqueIdentifier>{4e69c9d0-e974-4c50-947e-612708793ab2}</UniqueIdentifier>
    </Filter>
    <Filter Include="Resource Files\textures">
      <UniqueIdentifier>{4e4dfcae-8c1b-425b-887a-d260bea5e6ff}</UniqueIdentifier>
    </Filter>
    <Filter Include="Resource Files\perfprofiles">
      <UniqueIdentifier>{c6f12367-3b9d-4670-847b-6c79c7d22210}</UniqueIdentifier>
    </Filter>
    <Filter Include="Resource Files\scripts">
      <UniqueIdentifier>{e4153eb6-a62c-4dbc-ac71-567d5840d1e1}</UniqueIdentifier>
    </Filter>
  </ItemGroup>
  <ItemGroup>
    <None Include="resources\simplescene.json">
      <Filter>Resource Files</Filter>
    </None>
    <None Include="resources\models\cube.ply">
      <Filter>Resource Files\models</Filter>
    </None>
    <None Include="resources\models\suzanne.ply">
      <Filter>Resource Files\models</Filter>
    </None>
    <None Include="resources\models\joining section.ply">
      <Filter>Resource Files\models</Filter>
    </None>
    <None Include="resources\models\opened cube.ply">
      <Filter>Resource Files\models</Filter>
    </None>
    <None Include="resources\models\level.ply">
      <Filter>Resource Files\models</Filter>
    </None>
    <None Include="resources\models\flat plane.ply">
      <Filter>Resource Files\models</Filter>
    </None>
    <None Include="resources\models\teapotCGA.bpt">
      <Filter>Resource Files\models</Filter>
    </None>
    <None Include="resources\settings.json">
      <Filter>Resource Files</Filter>
    </None>
    <None Include="resources\perfprofiles\high.json">
      <Filter>Resource Files\perfprofiles</Filter>
    </None>
    <None Include="resources\perfprofiles\low.json">
      <Filter>Resource Files\perfprofiles</Filter>
    </None>
    <None Include="resources\settings.default.json">
      <Filter>Resource Files</Filter>
    </None>
    <None Include="scripts\post_build.py">
      <Filter>Resource Files\scripts</Filter>
    </None>
    <None Include="scripts\post_build_debug.py">
      <Filter>Resource Files\scripts</Filter>
    </None>
    <None Include="scripts\post_build_release.py">
      <Filter>Resource Files\scripts</Filter>
    </None>
  </ItemGroup>
  <ItemGroup>
    <ClInclude Include="src\App.h">
      <Filter>Header Files</Filter>
    </ClInclude>
    <ClInclude Include="src\Main.h">
      <Filter>Header Files</Filter>
    </ClInclude>
    <ClInclude Include="src\VectorCtrl.h">
      <Filter>Header Files</Filter>
    </ClInclude>
    <ClInclude Include="src\Chat.h">
      <Filter>Header Files</Filter>
    </ClInclude>
    <ClInclude Include="src\PacketEvent.h">
      <Filter>Header Files</Filter>
    </ClInclude>
  </ItemGroup>
  <ItemGroup>
    <ClCompile Include="src\App.cpp">
      <Filter>Source Files</Filter>
    </ClCompile>
    <ClCompile Include="src\Main.cpp">
      <Filter>Source Files</Filter>
    </ClCompile>
    <ClCompile Include="src\VectorCtrl.cpp">
      <Filter>Source Files</Filter>
    </ClCompile>
    <ClCompile Include="src\Chat.cpp">
      <Filter>Source Files</Filter>
    </ClCompile>
    <ClCompile Include="src\PacketEvent.cpp">
      <Filter>Source Files</Filter>
    </ClCompile>
  </ItemGroup>
  <ItemGroup>
    <Image Include="resources\textures\sky.jpg">
      <Filter>Resource Files\textures</Filter>
    </Image>
    <Image Include="resources\textures\TwoTone.png">
      <Filter>Resource Files\textures</Filter>
    </Image>
    <Image Include="resources\textures\unnamed.jpg">
      <Filter>Resource Files\textures</Filter>
    </Image>
    <Image Include="resources\textures\cube_normals.png">
      <Filter>Resource Files\textures</Filter>
    </Image>
    <Image Include="resources\textures\SuzanneSpecularMap.png">
      <Filter>Resource Files\textures</Filter>
    </Image>
    <Image Include="main.ico">
      <Filter>Resource Files</Filter>
    </Image>
    <Image Include="resources\textures\bricks2.jpg">
      <Filter>Resource Files\textures</Filter>
    </Image>
    <Image Include="resources\textures\bricks2_disp.jpg">
      <Filter>Resource Files\textures</Filter>
    </Image>
    <Image Include="resources\textures\bricks2_normal.jpg">
      <Filter>Resource Files\textures</Filter>
    </Image>
  </ItemGroup>
  <ItemGroup>
    <ResourceCompile Include="resource.rc">
      <Filter>Resource Files</Filter>
    </ResourceCompile>
  </ItemGroup>
  <ItemGroup>
    <Text Include="gameengine_GL.log">
      <Filter>Resource Files</Filter>
    </Text>
  </ItemGroup>
</Project>