<?xml version="1.0" encoding="utf-8"?>
<Project ToolsVersion="4.0" xmlns="http://schemas.microsoft.com/developer/msbuild/2003">
  <ItemGroup>
    <Filter Include="Source Files">
      <UniqueIdentifier>{4FC737F1-C7A5-4376-A066-2A32D752A2FF}</UniqueIdentifier>
      <Extensions>cpp;c;cc;cxx;def;odl;idl;hpj;bat;asm;asmx</Extensions>
    </Filter>
    <Filter Include="Header Files">
      <UniqueIdentifier>{93995380-89BD-4b04-88EB-625FBE52EBFB}</UniqueIdentifier>
      <Extensions>h;hh;hpp;hxx;hm;inl;inc;ipp;xsd</Extensions>
    </Filter>
    <Filter Include="Resource Files">
      <UniqueIdentifier>{67DA6AB6-F800-4c08-8B7A-83BB121AAD01}</UniqueIdentifier>
      <Extensions>rc;ico;cur;bmp;dlg;rc2;rct;bin;rgs;gif;jpg;jpeg;jpe;resx;tiff;tif;png;wav;mfcribbon-ms</Extensions>
    </Filter>
    <Filter Include="Header Files\render">
      <UniqueIdentifier>{d5f0dfd1-0f6d-4c09-ae80-99466b77ad7b}</UniqueIdentifier>
    </Filter>
    <Filter Include="Source Files\render">
      <UniqueIdentifier>{0e575d5d-5b34-450d-91f9-3bea84e4fda0}</UniqueIdentifier>
    </Filter>
    <Filter Include="Header Files\loaders">
      <UniqueIdentifier>{e95f2e59-850b-4184-bca2-e5413f3c5326}</UniqueIdentifier>
    </Filter>
    <Filter Include="Header Files\loaders\models">
      <UniqueIdentifier>{81a55c19-12c6-4b1e-ae67-c981c046d42f}</UniqueIdentifier>
    </Filter>
    <Filter Include="Source Files\loaders">
      <UniqueIdentifier>{deed8cfa-ad12-4f65-89ed-2dfb638a155d}</UniqueIdentifier>
    </Filter>
    <Filter Include="Source Files\loaders\models">
      <UniqueIdentifier>{4f70b7ee-b72d-4f2b-bc4f-4a07a6aaa0e3}</UniqueIdentifier>
    </Filter>
    <Filter Include="Header Files\scene">
      <UniqueIdentifier>{1880463a-6bf3-4c4c-a90a-206e567f02ea}</UniqueIdentifier>
    </Filter>
    <Filter Include="Header Files\scene\light">
      <UniqueIdentifier>{7b2e8355-9369-421e-a405-a926096e59a6}</UniqueIdentifier>
    </Filter>
    <Filter Include="Header Files\scene\model">
      <UniqueIdentifier>{d67341c9-df2a-4184-be90-1a8851aa82b6}</UniqueIdentifier>
    </Filter>
    <Filter Include="Source Files\scene">
      <UniqueIdentifier>{62d10881-699b-49df-a336-f7a961fcb537}</UniqueIdentifier>
    </Filter>
    <Filter Include="Source Files\scene\light">
      <UniqueIdentifier>{807d40ea-ae77-4f1f-be01-fc8c71d87745}</UniqueIdentifier>
    </Filter>
    <Filter Include="Source Files\scene\model">
      <UniqueIdentifier>{35bc5c87-f89a-498c-b2f9-969056d5e127}</UniqueIdentifier>
    </Filter>
    <Filter Include="Resource Files\shaders">
      <UniqueIdentifier>{344fe20f-5908-49e8-9c6e-944a36b7bb88}</UniqueIdentifier>
    </Filter>
    <Filter Include="Header Files\render\controllers">
      <UniqueIdentifier>{5997af45-546f-47cb-b050-0be7d4b92cb0}</UniqueIdentifier>
    </Filter>
    <Filter Include="Source Files\render\controllers">
      <UniqueIdentifier>{2ab107a9-80dd-456f-aa56-781c53613d42}</UniqueIdentifier>
    </Filter>
    <Filter Include="Header Files\generic">
      <UniqueIdentifier>{d5b366c3-fc32-4b70-8915-3d1ce390ad80}</UniqueIdentifier>
    </Filter>
    <Filter Include="Source Files\generic">
      <UniqueIdentifier>{f666e222-9035-429f-8690-71cda92cdec1}</UniqueIdentifier>
    </Filter>
    <Filter Include="Header Files\scene\model\geometry">
      <UniqueIdentifier>{2246773f-af99-428b-b6a0-037973f27898}</UniqueIdentifier>
    </Filter>
    <Filter Include="Source Files\scene\model\geometry">
      <UniqueIdentifier>{b1c8bd5a-c50a-4f57-a43c-31df3fd380e2}</UniqueIdentifier>
    </Filter>
    <Filter Include="Resource Files\shaders\model">
      <UniqueIdentifier>{9ea4a5d6-5493-4222-b408-1e885d7c44ad}</UniqueIdentifier>
    </Filter>
    <Filter Include="Resource Files\shaders\model\normal">
      <UniqueIdentifier>{1bd67220-ce7f-4584-8cf1-18b2bcdfa1a9}</UniqueIdentifier>
    </Filter>
    <Filter Include="Header Files\render\renderable">
      <UniqueIdentifier>{5d9a2569-9432-42ff-846e-4114c203735e}</UniqueIdentifier>
    </Filter>
    <Filter Include="Header Files\render\rendertarget">
      <UniqueIdentifier>{21e18304-d079-4bb3-b33f-4b955cffd682}</UniqueIdentifier>
    </Filter>
    <Filter Include="Source Files\render\renderable">
      <UniqueIdentifier>{aee1afc4-e0d7-4a7b-a59c-2f40b0d89dc1}</UniqueIdentifier>
    </Filter>
    <Filter Include="Source Files\render\rendertarget">
      <UniqueIdentifier>{712c77fe-f34a-4dce-ad36-4a5c54b4b3bb}</UniqueIdentifier>
    </Filter>
    <Filter Include="Resource Files\models">
      <UniqueIdentifier>{d8e96184-4322-4c6c-9733-8cd148922a3e}</UniqueIdentifier>
    </Filter>
    <Filter Include="Source Files\render\renderer">
      <UniqueIdentifier>{60297c09-8fe5-487f-ace0-aec8dcbb2e29}</UniqueIdentifier>
    </Filter>
    <Filter Include="Header Files\render\renderer">
      <UniqueIdentifier>{c747aba1-c51b-4ab4-abf8-7894dbef5c44}</UniqueIdentifier>
    </Filter>
    <Filter Include="Header Files\render\rendertarget\target">
      <UniqueIdentifier>{a8a1b43d-a711-415e-a057-0772a297bf81}</UniqueIdentifier>
    </Filter>
    <Filter Include="Header Files\render\rendertarget\texture">
      <UniqueIdentifier>{d9f15eb7-1514-41bc-a054-a8a41a79813a}</UniqueIdentifier>
    </Filter>
    <Filter Include="Header Files\render\rendertarget\canvas">
      <UniqueIdentifier>{c5421a20-e02b-4758-8346-57edb797fa09}</UniqueIdentifier>
    </Filter>
    <Filter Include="Source Files\render\rendertarget\texture">
      <UniqueIdentifier>{65fcd61c-9c7d-41b7-92ec-060ddca8a44f}</UniqueIdentifier>
    </Filter>
    <Filter Include="Source Files\render\rendertarget\target">
      <UniqueIdentifier>{5e8da71f-e28f-4f2a-8cf9-083154efc3c5}</UniqueIdentifier>
    </Filter>
    <Filter Include="Source Files\render\rendertarget\canvas">
      <UniqueIdentifier>{cb745a0f-f3cc-4d2c-bbeb-bf0c95d28500}</UniqueIdentifier>
    </Filter>
    <Filter Include="Resource Files\shaders\postprocess">
      <UniqueIdentifier>{8cc2c4d6-5fee-454d-a949-899f803e192f}</UniqueIdentifier>
    </Filter>
    <Filter Include="Header Files\scene\transformations">
      <UniqueIdentifier>{9042b082-15df-403d-b8cd-28c1da0a3371}</UniqueIdentifier>
    </Filter>
    <Filter Include="Source Files\scene\transformations">
      <UniqueIdentifier>{36a72220-90d5-42e2-bc10-a4ca74844f89}</UniqueIdentifier>
    </Filter>
    <Filter Include="Source Files\render\gltexture">
      <UniqueIdentifier>{57a9d0f9-0022-4bc7-a8f0-cce16bb4ed7f}</UniqueIdentifier>
    </Filter>
    <Filter Include="Header Files\render\gltexture">
      <UniqueIdentifier>{1eab6d6f-63f3-441f-98cd-0525c683b532}</UniqueIdentifier>
    </Filter>
    <Filter Include="Header Files\scene\texture">
      <UniqueIdentifier>{6502deab-a9ef-4425-93d9-65b5c6363373}</UniqueIdentifier>
    </Filter>
    <Filter Include="Source Files\scene\texture">
      <UniqueIdentifier>{d6b4948b-7295-4771-82bf-84b5143a2899}</UniqueIdentifier>
    </Filter>
    <Filter Include="Header Files\render\gltexture\gltextureformat_preprocessor">
      <UniqueIdentifier>{4adace34-954b-4528-9088-d8f6ea6c55ba}</UniqueIdentifier>
    </Filter>
    <Filter Include="Source Files\render\gltexture\gltextureformat_preprocessor">
      <UniqueIdentifier>{fd3b9ba1-0b14-48f7-8d22-17621cb8d8c2}</UniqueIdentifier>
    </Filter>
    <Filter Include="Header Files\render\glgeometry">
      <UniqueIdentifier>{d199e059-7e1b-44d8-a938-11f669d400f0}</UniqueIdentifier>
    </Filter>
    <Filter Include="Source Files\render\glgeometry">
      <UniqueIdentifier>{79e7b5c7-e7a3-4744-a771-5c0653935087}</UniqueIdentifier>
    </Filter>
  </ItemGroup>
  <ItemGroup>
    <ClInclude Include="src\Engine.h">
      <Filter>Header Files</Filter>
    </ClInclude>
    <ClInclude Include="src\render\ShaderProgram.h">
      <Filter>Header Files\render</Filter>
    </ClInclude>
    <ClInclude Include="src\GLComponents.h">
      <Filter>Header Files</Filter>
    </ClInclude>
    <ClInclude Include="src\loaders\models\PlyLoader.h">
      <Filter>Header Files\loaders\models</Filter>
    </ClInclude>
    <ClInclude Include="src\scene\model\Material.h">
      <Filter>Header Files\scene\model</Filter>
    </ClInclude>
    <ClInclude Include="src\scene\model\Model.h">
      <Filter>Header Files\scene\model</Filter>
    </ClInclude>
    <ClInclude Include="src\scene\light\PointLight.h">
      <Filter>Header Files\scene\light</Filter>
    </ClInclude>
    <ClInclude Include="src\scene\Camera.h">
      <Filter>Header Files\scene</Filter>
    </ClInclude>
    <ClInclude Include="src\scene\Scene.h">
      <Filter>Header Files\scene</Filter>
    </ClInclude>
    <ClInclude Include="src\scene\Nameable.h">
      <Filter>Header Files\scene</Filter>
    </ClInclude>
    <ClInclude Include="src\scene\model\Reflection.h">
      <Filter>Header Files\scene\model</Filter>
    </ClInclude>
    <ClInclude Include="src\scene\VisBox.h">
      <Filter>Header Files\scene</Filter>
    </ClInclude>
    <ClInclude Include="src\scene\OrientedBoundingBox.h">
      <Filter>Header Files\scene</Filter>
    </ClInclude>
    <ClInclude Include="src\scene\SceneApproximation.h">
      <Filter>Header Files\scene</Filter>
    </ClInclude>
    <ClInclude Include="src\Resource.h">
      <Filter>Header Files</Filter>
    </ClInclude>
    <ClInclude Include="resource.h">
      <Filter>Resource Files</Filter>
    </ClInclude>
    <ClInclude Include="src\scene\Referenceable.h">
      <Filter>Header Files\scene</Filter>
    </ClInclude>
    <ClInclude Include="src\scene\Cubemap.h">
      <Filter>Header Files\scene</Filter>
    </ClInclude>
    <ClInclude Include="src\render\controllers\RenderController.h">
      <Filter>Header Files\render\controllers</Filter>
    </ClInclude>
    <ClInclude Include="src\render\controllers\EngineCanvasController.h">
      <Filter>Header Files\render\controllers</Filter>
    </ClInclude>
    <ClInclude Include="src\render\controllers\ReflectionController.h">
      <Filter>Header Files\render\controllers</Filter>
    </ClInclude>
    <ClInclude Include="src\render\controllers\ShadowController.h">
      <Filter>Header Files\render\controllers</Filter>
    </ClInclude>
    <ClInclude Include="src\render\controllers\SkyboxController.h">
      <Filter>Header Files\render\controllers</Filter>
    </ClInclude>
    <ClInclude Include="src\loaders\SceneLoader.h">
      <Filter>Header Files\loaders</Filter>
    </ClInclude>
    <ClInclude Include="src\render\controllers\CubemapController.h">
      <Filter>Header Files\render\controllers</Filter>
    </ClInclude>
    <ClInclude Include="src\scene\Skybox.h">
      <Filter>Header Files\scene</Filter>
    </ClInclude>
    <ClInclude Include="src\generic\KDTree.h">
      <Filter>Header Files\generic</Filter>
    </ClInclude>
    <ClInclude Include="src\generic\std_glm.h">
      <Filter>Header Files\generic</Filter>
    </ClInclude>
    <ClInclude Include="src\scene\model\geometry\Geometry.h">
      <Filter>Header Files\scene\model\geometry</Filter>
    </ClInclude>
    <ClInclude Include="src\scene\model\geometry\Polygonal.h">
      <Filter>Header Files\scene\model\geometry</Filter>
    </ClInclude>
    <ClInclude Include="src\loaders\models\BptLoader.h">
      <Filter>Header Files\loaders\models</Filter>
    </ClInclude>
    <ClInclude Include="src\scene\model\geometry\Patch.h">
      <Filter>Header Files\scene\model\geometry</Filter>
    </ClInclude>
    <ClInclude Include="src\generic\FunctionalVector.h">
      <Filter>Header Files\generic</Filter>
    </ClInclude>
    <ClInclude Include="src\generic\SplitOnChar.h">
      <Filter>Header Files\generic</Filter>
    </ClInclude>
    <ClInclude Include="src\scene\SceneChild.h">
      <Filter>Header Files\scene</Filter>
    </ClInclude>
    <ClInclude Include="src\scene\model\geometry\PresetGeometry.h">
      <Filter>Header Files\scene\model\geometry</Filter>
    </ClInclude>
    <ClInclude Include="src\generic\LoadFile.h">
      <Filter>Header Files\generic</Filter>
    </ClInclude>
    <ClInclude Include="src\scene\RevisableResource.h">
      <Filter>Header Files\scene</Filter>
    </ClInclude>
    <ClInclude Include="src\LogMessage.h">
      <Filter>Header Files</Filter>
    </ClInclude>
    <ClInclude Include="src\render\renderable\Renderable.h">
      <Filter>Header Files\render\renderable</Filter>
    </ClInclude>
    <ClInclude Include="src\render\RenderMode.h">
      <Filter>Header Files\render\controllers</Filter>
    </ClInclude>
    <ClInclude Include="src\render\renderer\NormalRenderer.h">
      <Filter>Header Files\render\renderer</Filter>
    </ClInclude>
    <ClInclude Include="src\render\renderer\Renderer.h">
      <Filter>Header Files\render\renderer</Filter>
    </ClInclude>
    <ClInclude Include="src\render\renderer\RendererType.h">
      <Filter>Header Files\render\renderer</Filter>
    </ClInclude>
    <ClInclude Include="src\render\renderer\WrapperRenderer.h">
      <Filter>Header Files\render\renderer</Filter>
    </ClInclude>
    <ClInclude Include="src\render\renderable\CumulativeTexture.h">
      <Filter>Header Files\render\renderable</Filter>
    </ClInclude>
    <ClInclude Include="src\render\TargetType.h">
      <Filter>Header Files\render</Filter>
    </ClInclude>
    <ClInclude Include="src\render\rendertarget\canvas\EngineCanvas.h">
      <Filter>Header Files\render\rendertarget\canvas</Filter>
    </ClInclude>
    <ClInclude Include="src\render\rendertarget\target\RenderTarget.h">
      <Filter>Header Files\render\rendertarget\target</Filter>
    </ClInclude>
    <ClInclude Include="src\render\rendertarget\target\RenderTargetConfig.h">
      <Filter>Header Files\render\rendertarget\target</Filter>
    </ClInclude>
    <ClInclude Include="src\render\rendertarget\target\RenderTargetMode.h">
      <Filter>Header Files\render\rendertarget\target</Filter>
    </ClInclude>
    <ClInclude Include="src\render\rendertarget\texture\RenderTexture.h">
      <Filter>Header Files\render\rendertarget\texture</Filter>
    </ClInclude>
    <ClInclude Include="src\render\rendertarget\texture\RenderTextureGroup.h">
      <Filter>Header Files\render\rendertarget\texture</Filter>
    </ClInclude>
    <ClInclude Include="src\scene\transformations\LocallyMovable.h">
      <Filter>Header Files\scene\transformations</Filter>
    </ClInclude>
    <ClInclude Include="src\scene\transformations\Positionable.h">
      <Filter>Header Files\scene\transformations</Filter>
    </ClInclude>
    <ClInclude Include="src\scene\transformations\Rotatable.h">
      <Filter>Header Files\scene\transformations</Filter>
    </ClInclude>
    <ClInclude Include="src\scene\transformations\Scalable.h">
      <Filter>Header Files\scene\transformations</Filter>
    </ClInclude>
    <ClInclude Include="src\render\gltexture\GLTexture.h">
      <Filter>Header Files\render\gltexture</Filter>
    </ClInclude>
    <ClInclude Include="src\render\gltexture\GLTextureDataPreset.h">
      <Filter>Header Files\render\gltexture</Filter>
    </ClInclude>
    <ClInclude Include="src\render\gltexture\GLTextureFormat.h">
      <Filter>Header Files\render\gltexture</Filter>
    </ClInclude>
    <ClInclude Include="src\render\gltexture\GLTexturePreset.h">
      <Filter>Header Files\render\gltexture</Filter>
    </ClInclude>
    <ClInclude Include="src\render\gltexture\GLTextureType.h">
      <Filter>Header Files\render\gltexture</Filter>
    </ClInclude>
    <ClInclude Include="src\scene\texture\Texture.h">
      <Filter>Header Files\scene\texture</Filter>
    </ClInclude>
    <ClInclude Include="src\scene\texture\TextureFiltering.h">
      <Filter>Header Files\scene\texture</Filter>
    </ClInclude>
    <ClInclude Include="src\scene\texture\Generators.h">
      <Filter>Header Files\scene\texture</Filter>
    </ClInclude>
    <ClInclude Include="src\render\gltexture\gltextureformat_preprocessor\TextureFormats.h">
      <Filter>Header Files\render\gltexture\gltextureformat_preprocessor</Filter>
    </ClInclude>
    <ClInclude Include="src\scene\texture\Filters.h">
      <Filter>Header Files\scene\texture</Filter>
    </ClInclude>
    <ClInclude Include="src\render\glgeometry\GLGeometry.h">
      <Filter>Header Files\render\glgeometry</Filter>
    </ClInclude>
    <ClInclude Include="src\PatchSize.h">
      <Filter>Header Files</Filter>
    </ClInclude>
    <ClInclude Include="src\render\GLObjectLabelable.h">
      <Filter>Header Files\render</Filter>
    </ClInclude>
    <ClInclude Include="src\render\glgeometry\GeometryVertexView.h">
      <Filter>Header Files\render\glgeometry</Filter>
    </ClInclude>
  </ItemGroup>
  <ItemGroup>
    <ClCompile Include="src\Engine.cpp">
      <Filter>Source Files</Filter>
    </ClCompile>
    <ClCompile Include="src\render\ShaderProgram.cpp">
      <Filter>Source Files\render</Filter>
    </ClCompile>
    <ClCompile Include="src\GLComponents.cpp">
      <Filter>Source Files</Filter>
    </ClCompile>
    <ClCompile Include="src\loaders\models\PlyLoader.cpp">
      <Filter>Source Files\loaders\models</Filter>
    </ClCompile>
    <ClCompile Include="src\scene\light\PointLight.cpp">
      <Filter>Source Files\scene\light</Filter>
    </ClCompile>
    <ClCompile Include="src\scene\model\Material.cpp">
      <Filter>Source Files\scene\model</Filter>
    </ClCompile>
    <ClCompile Include="src\scene\model\Model.cpp">
      <Filter>Source Files\scene\model</Filter>
    </ClCompile>
    <ClCompile Include="src\scene\Camera.cpp">
      <Filter>Source Files\scene</Filter>
    </ClCompile>
    <ClCompile Include="src\scene\Scene.cpp">
      <Filter>Source Files\scene</Filter>
    </ClCompile>
    <ClCompile Include="src\scene\Nameable.cpp">
      <Filter>Source Files\scene</Filter>
    </ClCompile>
    <ClCompile Include="src\scene\model\Reflection.cpp">
      <Filter>Source Files\scene\model</Filter>
    </ClCompile>
    <ClCompile Include="src\scene\VisBox.cpp">
      <Filter>Source Files\scene</Filter>
    </ClCompile>
    <ClCompile Include="src\scene\OrientedBoundingBox.cpp">
      <Filter>Source Files\scene</Filter>
    </ClCompile>
    <ClCompile Include="src\scene\SceneApproximation.cpp">
      <Filter>Source Files\scene</Filter>
    </ClCompile>
    <ClCompile Include="src\Resource.cpp">
      <Filter>Source Files</Filter>
    </ClCompile>
    <ClCompile Include="src\scene\Referenceable.cpp">
      <Filter>Source Files\scene</Filter>
    </ClCompile>
    <ClCompile Include="src\scene\Cubemap.cpp">
      <Filter>Source Files\scene</Filter>
    </ClCompile>
    <ClCompile Include="src\render\controllers\RenderController.cpp">
      <Filter>Source Files\render\controllers</Filter>
    </ClCompile>
    <ClCompile Include="src\render\controllers\EngineCanvasController.cpp">
      <Filter>Source Files\render\controllers</Filter>
    </ClCompile>
    <ClCompile Include="src\render\controllers\ReflectionController.cpp">
      <Filter>Source Files\render\controllers</Filter>
    </ClCompile>
    <ClCompile Include="src\render\controllers\ShadowController.cpp">
      <Filter>Source Files\render\controllers</Filter>
    </ClCompile>
    <ClCompile Include="src\render\controllers\SkyboxController.cpp">
      <Filter>Source Files\render\controllers</Filter>
    </ClCompile>
    <ClCompile Include="src\loaders\SceneLoader.cpp">
      <Filter>Source Files\loaders</Filter>
    </ClCompile>
    <ClCompile Include="src\render\controllers\CubemapController.cpp">
      <Filter>Source Files\render\controllers</Filter>
    </ClCompile>
    <ClCompile Include="src\scene\Skybox.cpp">
      <Filter>Source Files\scene</Filter>
    </ClCompile>
    <ClCompile Include="src\generic\KDTree.cpp">
      <Filter>Source Files\generic</Filter>
    </ClCompile>
    <ClCompile Include="src\generic\std_glm.cpp">
      <Filter>Source Files\generic</Filter>
    </ClCompile>
    <ClCompile Include="src\scene\model\geometry\Polygonal.cpp">
      <Filter>Source Files\scene\model\geometry</Filter>
    </ClCompile>
    <ClCompile Include="src\scene\model\geometry\Geometry.cpp">
      <Filter>Source Files\scene\model\geometry</Filter>
    </ClCompile>
    <ClCompile Include="src\loaders\models\BptLoader.cpp">
      <Filter>Source Files\loaders\models</Filter>
    </ClCompile>
    <ClCompile Include="src\scene\model\geometry\Patch.cpp">
      <Filter>Source Files\scene\model\geometry</Filter>
    </ClCompile>
    <ClCompile Include="src\generic\FunctionalVector.cpp">
      <Filter>Source Files\generic</Filter>
    </ClCompile>
    <ClCompile Include="src\generic\SplitOnChar.cpp">
      <Filter>Source Files\generic</Filter>
    </ClCompile>
    <ClCompile Include="src\scene\SceneChild.cpp">
      <Filter>Source Files\scene</Filter>
    </ClCompile>
    <ClCompile Include="src\scene\model\geometry\PresetGeometry.cpp">
      <Filter>Source Files\scene\model\geometry</Filter>
    </ClCompile>
    <ClCompile Include="src\generic\LoadFile.cpp">
      <Filter>Source Files\generic</Filter>
    </ClCompile>
    <ClCompile Include="src\scene\RevisableResource.cpp">
      <Filter>Source Files\scene</Filter>
    </ClCompile>
    <ClCompile Include="src\LogMessage.cpp">
      <Filter>Source Files</Filter>
    </ClCompile>
    <ClCompile Include="src\render\renderable\Renderable.cpp">
      <Filter>Source Files\render\renderable</Filter>
    </ClCompile>
    <ClCompile Include="src\render\renderer\NormalRenderer.cpp">
      <Filter>Source Files\render\renderer</Filter>
    </ClCompile>
    <ClCompile Include="src\render\renderer\Renderer.cpp">
      <Filter>Source Files\render\renderer</Filter>
    </ClCompile>
    <ClCompile Include="src\render\renderer\RendererType.cpp">
      <Filter>Source Files\render\renderer</Filter>
    </ClCompile>
    <ClCompile Include="src\render\renderer\WrapperRenderer.cpp">
      <Filter>Source Files\render\renderer</Filter>
    </ClCompile>
    <ClCompile Include="src\render\renderable\CumulativeTexture.cpp">
      <Filter>Source Files\render\renderable</Filter>
    </ClCompile>
    <ClCompile Include="src\render\TargetType.cpp">
      <Filter>Source Files\render</Filter>
    </ClCompile>
    <ClCompile Include="src\render\rendertarget\texture\RenderTexture.cpp">
      <Filter>Source Files\render\rendertarget\texture</Filter>
    </ClCompile>
    <ClCompile Include="src\render\rendertarget\texture\RenderTextureGroup.cpp">
      <Filter>Source Files\render\rendertarget\texture</Filter>
    </ClCompile>
    <ClCompile Include="src\render\rendertarget\target\RenderTarget.cpp">
      <Filter>Source Files\render\rendertarget\target</Filter>
    </ClCompile>
    <ClCompile Include="src\render\rendertarget\target\RenderTargetConfig.cpp">
      <Filter>Source Files\render\rendertarget\target</Filter>
    </ClCompile>
    <ClCompile Include="src\render\rendertarget\target\RenderTargetMode.cpp">
      <Filter>Source Files\render\rendertarget\target</Filter>
    </ClCompile>
    <ClCompile Include="src\render\rendertarget\canvas\EngineCanvas.cpp">
      <Filter>Source Files\render\rendertarget\canvas</Filter>
    </ClCompile>
    <ClCompile Include="src\scene\transformations\LocallyMovable.cpp">
      <Filter>Source Files\scene\transformations</Filter>
    </ClCompile>
    <ClCompile Include="src\scene\transformations\Positionable.cpp">
      <Filter>Source Files\scene\transformations</Filter>
    </ClCompile>
    <ClCompile Include="src\scene\transformations\Rotatable.cpp">
      <Filter>Source Files\scene\transformations</Filter>
    </ClCompile>
    <ClCompile Include="src\scene\transformations\Scalable.cpp">
      <Filter>Source Files\scene\transformations</Filter>
    </ClCompile>
    <ClCompile Include="src\render\gltexture\GLTexture.cpp">
      <Filter>Source Files\render\gltexture</Filter>
    </ClCompile>
    <ClCompile Include="src\render\gltexture\GLTextureFormat.cpp">
      <Filter>Source Files\render\gltexture</Filter>
    </ClCompile>
    <ClCompile Include="src\render\gltexture\GLTexturePreset.cpp">
      <Filter>Source Files\render\gltexture</Filter>
    </ClCompile>
    <ClCompile Include="src\render\gltexture\GLTextureType.cpp">
      <Filter>Source Files\render\gltexture</Filter>
    </ClCompile>
    <ClCompile Include="src\scene\texture\Texture.cpp">
      <Filter>Source Files\scene\texture</Filter>
    </ClCompile>
    <ClCompile Include="src\scene\texture\TextureFiltering.cpp">
      <Filter>Source Files\scene\texture</Filter>
    </ClCompile>
    <ClCompile Include="src\scene\texture\Generators.cpp">
      <Filter>Source Files\scene\texture</Filter>
    </ClCompile>
    <ClCompile Include="src\render\gltexture\gltextureformat_preprocessor\TextureFormats.cpp">
      <Filter>Source Files\render\gltexture\gltextureformat_preprocessor</Filter>
    </ClCompile>
    <ClCompile Include="src\scene\texture\Filters.cpp">
      <Filter>Source Files\scene\texture</Filter>
    </ClCompile>
    <ClCompile Include="src\render\glgeometry\GLGeometry.cpp">
      <Filter>Source Files\render\glgeometry</Filter>
    </ClCompile>
    <ClCompile Include="src\render\GLObjectLabelable.cpp">
      <Filter>Source Files\render</Filter>
    </ClCompile>
    <ClCompile Include="src\render\glgeometry\GeometryVertexView.cpp">
      <Filter>Source Files\render\glgeometry</Filter>
    </ClCompile>
    <ClCompile Include="src\render\gltexture\GLTextureDataPreset.cpp">
      <Filter>Source Files\render\gltexture</Filter>
    </ClCompile>
  </ItemGroup>
  <ItemGroup>
    <ResourceCompile Include="resource.rc">
      <Filter>Resource Files</Filter>
    </ResourceCompile>
    <ResourceCompile Include="shaders.rc">
      <Filter>Resource Files</Filter>
    </ResourceCompile>
    <ResourceCompile Include="models.rc">
      <Filter>Resource Files</Filter>
    </ResourceCompile>
  </ItemGroup>
  <ItemGroup>
    <None Include="resources\shaders\default.frag">
      <Filter>Resource Files\shaders</Filter>
    </None>
    <None Include="resources\shaders\default.vert">
      <Filter>Resource Files\shaders</Filter>
    </None>
    <None Include="resources\shaders\model\default.geom">
      <Filter>Resource Files\shaders\model</Filter>
    </None>
    <None Include="resources\shaders\model\default.tesc">
      <Filter>Resource Files\shaders\model</Filter>
    </None>
    <None Include="resources\shaders\model\default.tese">
      <Filter>Resource Files\shaders\model</Filter>
    </None>
    <None Include="resources\shaders\model\default.vert">
      <Filter>Resource Files\shaders\model</Filter>
    </None>
    <None Include="resources\shaders\model\shadow.frag">
      <Filter>Resource Files\shaders\model</Filter>
    </None>
    <None Include="resources\shaders\model\textured.frag">
      <Filter>Resource Files\shaders\model</Filter>
    </None>
    <None Include="resources\shaders\model\wireframe.frag">
      <Filter>Resource Files\shaders\model</Filter>
    </None>
    <None Include="resources\shaders\model\wireframe.geom">
      <Filter>Resource Files\shaders\model</Filter>
    </None>
    <None Include="resources\models\icosphere.ply">
      <Filter>Resource Files\models</Filter>
    </None>
    <None Include="resources\shaders\model\normal\depthonly.frag">
      <Filter>Resource Files\shaders\model\normal</Filter>
    </None>
    <None Include="resources\shaders\model\normal\draw.frag">
      <Filter>Resource Files\shaders\model\normal</Filter>
    </None>
    <None Include="src\render\gltexture\gltextureformat_preprocessor\generate_TextureFormats.py">
      <Filter>Source Files\render\gltexture\gltextureformat_preprocessor</Filter>
    </None>
    <None Include="resources\shaders\postprocess\default.geom">
      <Filter>Resource Files\shaders\postprocess</Filter>
    </None>
    <None Include="resources\shaders\postprocess\default.vert">
      <Filter>Resource Files\shaders\postprocess</Filter>
    </None>
    <None Include="resources\shaders\postprocess\normal.frag">
      <Filter>Resource Files\shaders\postprocess</Filter>
    </None>
    <None Include="resources\shaders\postprocess\normal_ssrquality.frag">
      <Filter>Resource Files\shaders\postprocess</Filter>
    </None>
    <None Include="resources\shaders\postprocess\generic.frag">
      <Filter>Resource Files\shaders\postprocess</Filter>
    </None>
  </ItemGroup>
</Project>