<?xml version="1.0" encoding="utf-8"?>
<Project ToolsVersion="4.0" xmlns="http://schemas.microsoft.com/developer/msbuild/2003">
  <ItemGroup>
    <Filter Include="Source Files">
      <UniqueIdentifier>{4FC737F1-C7A5-4376-A066-2A32D752A2FF}</UniqueIdentifier>
      <Extensions>cpp;c;cc;cxx;def;odl;idl;hpj;bat;asm;asmx</Extensions>
    </Filter>
    <Filter Include="Header Files">
      <UniqueIdentifier>{93995380-89BD-4b04-88EB-625FBE52EBFB}</UniqueIdentifier>
      <Extensions>h;hh;hpp;hxx;hm;inl;inc;ipp;xsd</Extensions>
    </Filter>
    <Filter Include="Resource Files">
      <UniqueIdentifier>{67DA6AB6-F800-4c08-8B7A-83BB121AAD01}</UniqueIdentifier>
      <Extensions>rc;ico;cur;bmp;dlg;rc2;rct;bin;rgs;gif;jpg;jpeg;jpe;resx;tiff;tif;png;wav;mfcribbon-ms</Extensions>
    </Filter>
    <Filter Include="Header Files\render">
      <UniqueIdentifier>{d5f0dfd1-0f6d-4c09-ae80-99466b77ad7b}</UniqueIdentifier>
    </Filter>
    <Filter Include="Source Files\render">
      <UniqueIdentifier>{0e575d5d-5b34-450d-91f9-3bea84e4fda0}</UniqueIdentifier>
    </Filter>
    <Filter Include="Header Files\loaders">
      <UniqueIdentifier>{e95f2e59-850b-4184-bca2-e5413f3c5326}</UniqueIdentifier>
    </Filter>
    <Filter Include="Header Files\loaders\models">
      <UniqueIdentifier>{81a55c19-12c6-4b1e-ae67-c981c046d42f}</UniqueIdentifier>
    </Filter>
    <Filter Include="Source Files\loaders">
      <UniqueIdentifier>{deed8cfa-ad12-4f65-89ed-2dfb638a155d}</UniqueIdentifier>
    </Filter>
    <Filter Include="Source Files\loaders\models">
      <UniqueIdentifier>{4f70b7ee-b72d-4f2b-bc4f-4a07a6aaa0e3}</UniqueIdentifier>
    </Filter>
    <Filter Include="Header Files\scene">
      <UniqueIdentifier>{1880463a-6bf3-4c4c-a90a-206e567f02ea}</UniqueIdentifier>
    </Filter>
    <Filter Include="Header Files\scene\light">
      <UniqueIdentifier>{7b2e8355-9369-421e-a405-a926096e59a6}</UniqueIdentifier>
    </Filter>
    <Filter Include="Header Files\scene\model">
      <UniqueIdentifier>{d67341c9-df2a-4184-be90-1a8851aa82b6}</UniqueIdentifier>
    </Filter>
    <Filter Include="Source Files\scene">
      <UniqueIdentifier>{62d10881-699b-49df-a336-f7a961fcb537}</UniqueIdentifier>
    </Filter>
    <Filter Include="Source Files\scene\light">
      <UniqueIdentifier>{807d40ea-ae77-4f1f-be01-fc8c71d87745}</UniqueIdentifier>
    </Filter>
    <Filter Include="Source Files\scene\model">
      <UniqueIdentifier>{35bc5c87-f89a-498c-b2f9-969056d5e127}</UniqueIdentifier>
    </Filter>
    <Filter Include="Resource Files\shaders">
      <UniqueIdentifier>{344fe20f-5908-49e8-9c6e-944a36b7bb88}</UniqueIdentifier>
    </Filter>
    <Filter Include="Header Files\render\controllers">
      <UniqueIdentifier>{5997af45-546f-47cb-b050-0be7d4b92cb0}</UniqueIdentifier>
    </Filter>
    <Filter Include="Source Files\render\controllers">
      <UniqueIdentifier>{2ab107a9-80dd-456f-aa56-781c53613d42}</UniqueIdentifier>
    </Filter>
  </ItemGroup>
  <ItemGroup>
    <ClInclude Include="src\render\EngineCanvas.h">
      <Filter>Header Files\render</Filter>
    </ClInclude>
    <ClInclude Include="src\Engine.h">
      <Filter>Header Files</Filter>
    </ClInclude>
    <ClInclude Include="src\render\ShaderProgram.h">
      <Filter>Header Files\render</Filter>
    </ClInclude>
    <ClInclude Include="src\GLComponents.h">
      <Filter>Header Files</Filter>
    </ClInclude>
    <ClInclude Include="src\loaders\models\PlyLoader.h">
      <Filter>Header Files\loaders\models</Filter>
    </ClInclude>
    <ClInclude Include="src\scene\model\Material.h">
      <Filter>Header Files\scene\model</Filter>
    </ClInclude>
    <ClInclude Include="src\scene\model\Model.h">
      <Filter>Header Files\scene\model</Filter>
    </ClInclude>
    <ClInclude Include="src\scene\light\PointLight.h">
      <Filter>Header Files\scene\light</Filter>
    </ClInclude>
    <ClInclude Include="src\scene\Camera.h">
      <Filter>Header Files\scene</Filter>
    </ClInclude>
    <ClInclude Include="src\scene\Scene.h">
      <Filter>Header Files\scene</Filter>
    </ClInclude>
    <ClInclude Include="src\scene\Positionable.h">
      <Filter>Header Files\scene</Filter>
    </ClInclude>
    <ClInclude Include="src\scene\Rotatable.h">
      <Filter>Header Files\scene</Filter>
    </ClInclude>
    <ClInclude Include="src\scene\Scalable.h">
      <Filter>Header Files\scene</Filter>
    </ClInclude>
    <ClInclude Include="src\scene\Nameable.h">
      <Filter>Header Files\scene</Filter>
    </ClInclude>
    <ClInclude Include="src\scene\LocallyMovable.h">
      <Filter>Header Files\scene</Filter>
    </ClInclude>
    <ClInclude Include="src\scene\model\Reflection.h">
      <Filter>Header Files\scene\model</Filter>
    </ClInclude>
    <ClInclude Include="src\scene\VisBox.h">
      <Filter>Header Files\scene</Filter>
    </ClInclude>
    <ClInclude Include="src\scene\OrientedBoundingBox.h">
      <Filter>Header Files\scene</Filter>
    </ClInclude>
    <ClInclude Include="src\scene\SceneApproximation.h">
      <Filter>Header Files\scene</Filter>
    </ClInclude>
    <ClInclude Include="src\render\Renderable.h">
      <Filter>Header Files\render</Filter>
    </ClInclude>
    <ClInclude Include="src\Resource.h">
      <Filter>Header Files</Filter>
    </ClInclude>
    <ClInclude Include="resource.h">
      <Filter>Resource Files</Filter>
    </ClInclude>
    <ClInclude Include="src\EventManager.h">
      <Filter>Header Files</Filter>
    </ClInclude>
    <ClInclude Include="src\EventEmitter.h">
      <Filter>Header Files</Filter>
    </ClInclude>
    <ClInclude Include="src\render\RenderTexture.h">
      <Filter>Header Files\render</Filter>
    </ClInclude>
    <ClInclude Include="src\scene\Referenceable.h">
      <Filter>Header Files\scene</Filter>
    </ClInclude>
    <ClInclude Include="src\scene\Cubemap.h">
      <Filter>Header Files\scene</Filter>
    </ClInclude>
    <ClInclude Include="src\scene\LocalTexture.h">
      <Filter>Header Files\scene</Filter>
    </ClInclude>
    <ClInclude Include="src\render\controllers\RenderController.h">
      <Filter>Header Files\render\controllers</Filter>
    </ClInclude>
    <ClInclude Include="src\render\controllers\EngineCanvasController.h">
      <Filter>Header Files\render\controllers</Filter>
    </ClInclude>
    <ClInclude Include="src\render\controllers\ReflectionController.h">
      <Filter>Header Files\render\controllers</Filter>
    </ClInclude>
    <ClInclude Include="src\render\controllers\ShadowController.h">
      <Filter>Header Files\render\controllers</Filter>
    </ClInclude>
    <ClInclude Include="src\render\controllers\SkyboxController.h">
      <Filter>Header Files\render\controllers</Filter>
    </ClInclude>
    <ClInclude Include="src\loaders\SceneLoader.h">
      <Filter>Header Files\loaders</Filter>
    </ClInclude>
    <ClInclude Include="src\render\RenderMode.h">
      <Filter>Header Files\render</Filter>
    </ClInclude>
    <ClInclude Include="src\render\RenderTextureData.h">
      <Filter>Header Files\render</Filter>
    </ClInclude>
    <ClInclude Include="src\render\LoadedTexture.h">
      <Filter>Header Files\render</Filter>
    </ClInclude>
    <ClInclude Include="src\render\RenderableConfig.h">
      <Filter>Header Files\render</Filter>
    </ClInclude>
  </ItemGroup>
  <ItemGroup>
    <ClCompile Include="src\render\EngineCanvas.cpp">
      <Filter>Source Files\render</Filter>
    </ClCompile>
    <ClCompile Include="src\Engine.cpp">
      <Filter>Source Files</Filter>
    </ClCompile>
    <ClCompile Include="src\render\ShaderProgram.cpp">
      <Filter>Source Files\render</Filter>
    </ClCompile>
    <ClCompile Include="src\GLComponents.cpp">
      <Filter>Source Files</Filter>
    </ClCompile>
    <ClCompile Include="src\loaders\models\PlyLoader.cpp">
      <Filter>Source Files\loaders\models</Filter>
    </ClCompile>
    <ClCompile Include="src\scene\light\PointLight.cpp">
      <Filter>Source Files\scene\light</Filter>
    </ClCompile>
    <ClCompile Include="src\scene\model\Material.cpp">
      <Filter>Source Files\scene\model</Filter>
    </ClCompile>
    <ClCompile Include="src\scene\model\Model.cpp">
      <Filter>Source Files\scene\model</Filter>
    </ClCompile>
    <ClCompile Include="src\scene\Camera.cpp">
      <Filter>Source Files\scene</Filter>
    </ClCompile>
    <ClCompile Include="src\scene\Scene.cpp">
      <Filter>Source Files\scene</Filter>
    </ClCompile>
    <ClCompile Include="src\scene\Positionable.cpp">
      <Filter>Source Files\scene</Filter>
    </ClCompile>
    <ClCompile Include="src\scene\Rotatable.cpp">
      <Filter>Source Files\scene</Filter>
    </ClCompile>
    <ClCompile Include="src\scene\Scalable.cpp">
      <Filter>Source Files\scene</Filter>
    </ClCompile>
    <ClCompile Include="src\scene\Nameable.cpp">
      <Filter>Source Files\scene</Filter>
    </ClCompile>
    <ClCompile Include="src\scene\LocallyMovable.cpp">
      <Filter>Source Files\scene</Filter>
    </ClCompile>
    <ClCompile Include="src\scene\model\Reflection.cpp">
      <Filter>Source Files\scene\model</Filter>
    </ClCompile>
    <ClCompile Include="src\scene\VisBox.cpp">
      <Filter>Source Files\scene</Filter>
    </ClCompile>
    <ClCompile Include="src\scene\OrientedBoundingBox.cpp">
      <Filter>Source Files\scene</Filter>
    </ClCompile>
    <ClCompile Include="src\scene\SceneApproximation.cpp">
      <Filter>Source Files\scene</Filter>
    </ClCompile>
    <ClCompile Include="src\render\Renderable.cpp">
      <Filter>Source Files\render</Filter>
    </ClCompile>
    <ClCompile Include="src\Resource.cpp">
      <Filter>Source Files</Filter>
    </ClCompile>
    <ClCompile Include="src\EventManager.cpp">
      <Filter>Source Files</Filter>
    </ClCompile>
    <ClCompile Include="src\EventEmitter.cpp">
      <Filter>Source Files</Filter>
    </ClCompile>
    <ClCompile Include="src\render\RenderTexture.cpp">
      <Filter>Source Files\render</Filter>
    </ClCompile>
    <ClCompile Include="src\scene\Referenceable.cpp">
      <Filter>Source Files\scene</Filter>
    </ClCompile>
    <ClCompile Include="src\scene\Cubemap.cpp">
      <Filter>Source Files\scene</Filter>
    </ClCompile>
    <ClCompile Include="src\scene\LocalTexture.cpp">
      <Filter>Source Files\scene</Filter>
    </ClCompile>
    <ClCompile Include="src\render\controllers\RenderController.cpp">
      <Filter>Source Files\render\controllers</Filter>
    </ClCompile>
    <ClCompile Include="src\render\controllers\EngineCanvasController.cpp">
      <Filter>Source Files\render\controllers</Filter>
    </ClCompile>
    <ClCompile Include="src\render\controllers\ReflectionController.cpp">
      <Filter>Source Files\render\controllers</Filter>
    </ClCompile>
    <ClCompile Include="src\render\controllers\ShadowController.cpp">
      <Filter>Source Files\render\controllers</Filter>
    </ClCompile>
    <ClCompile Include="src\render\controllers\SkyboxController.cpp">
      <Filter>Source Files\render\controllers</Filter>
    </ClCompile>
    <ClCompile Include="src\loaders\SceneLoader.cpp">
      <Filter>Source Files\loaders</Filter>
    </ClCompile>
    <ClCompile Include="src\render\RenderTextureData.cpp">
      <Filter>Source Files\render</Filter>
    </ClCompile>
  </ItemGroup>
  <ItemGroup>
    <ResourceCompile Include="resource.rc">
      <Filter>Resource Files</Filter>
    </ResourceCompile>
    <ResourceCompile Include="shaders.rc">
      <Filter>Resource Files</Filter>
    </ResourceCompile>
  </ItemGroup>
  <ItemGroup>
    <None Include="resources\shaders\postprocess.frag">
      <Filter>Resource Files\shaders</Filter>
    </None>
    <None Include="resources\shaders\postprocess.vert">
      <Filter>Resource Files\shaders</Filter>
    </None>
    <None Include="resources\shaders\model.frag">
      <Filter>Resource Files\shaders</Filter>
    </None>
    <None Include="resources\shaders\model.vert">
      <Filter>Resource Files\shaders</Filter>
    </None>
    <None Include="resources\shaders\model_shadow.frag">
      <Filter>Resource Files\shaders</Filter>
    </None>
    <None Include="resources\shaders\model_shadow.geom">
      <Filter>Resource Files\shaders</Filter>
    </None>
    <None Include="resources\shaders\model_shadow.vert">
      <Filter>Resource Files\shaders</Filter>
    </None>
    <None Include="resources\shaders\model_mode0.geom">
      <Filter>Resource Files\shaders</Filter>
    </None>
    <None Include="resources\shaders\model_mode1.geom">
      <Filter>Resource Files\shaders</Filter>
    </None>
    <None Include="resources\shaders\default.frag">
      <Filter>Resource Files\shaders</Filter>
    </None>
    <None Include="resources\shaders\default.vert">
      <Filter>Resource Files\shaders</Filter>
    </None>
  </ItemGroup>
</Project>